// !$*UTF8*$!
{
	archiveVersion = 1;
	classes = {
	};
	objectVersion = 50;
	objects = {

/* Begin PBXBuildFile section */
		8A28B190271F2369008DE122 /* AppDelegate.swift in Sources */ = {isa = PBXBuildFile; fileRef = 8A28B18F271F2369008DE122 /* AppDelegate.swift */; };
		8A28B192271F2369008DE122 /* SceneDelegate.swift in Sources */ = {isa = PBXBuildFile; fileRef = 8A28B191271F2369008DE122 /* SceneDelegate.swift */; };
		8A28B194271F2369008DE122 /* ViewController.swift in Sources */ = {isa = PBXBuildFile; fileRef = 8A28B193271F2369008DE122 /* ViewController.swift */; };
		8A28B197271F2369008DE122 /* Main.storyboard in Resources */ = {isa = PBXBuildFile; fileRef = 8A28B195271F2369008DE122 /* Main.storyboard */; };
		8A28B199271F236A008DE122 /* Assets.xcassets in Resources */ = {isa = PBXBuildFile; fileRef = 8A28B198271F236A008DE122 /* Assets.xcassets */; };
		8A28B19C271F236A008DE122 /* LaunchScreen.storyboard in Resources */ = {isa = PBXBuildFile; fileRef = 8A28B19A271F236A008DE122 /* LaunchScreen.storyboard */; };
		8A28B1A5271F3F2A008DE122 /* ResultadoViewController.swift in Sources */ = {isa = PBXBuildFile; fileRef = 8A28B1A4271F3F2A008DE122 /* ResultadoViewController.swift */; };
		8A8441C0271F4B4E00141F09 /* cerebroIMC.swift in Sources */ = {isa = PBXBuildFile; fileRef = 8A8441BF271F4B4E00141F09 /* cerebroIMC.swift */; };
		8A8441C4271F4C5500141F09 /* objetoIMC.swift in Sources */ = {isa = PBXBuildFile; fileRef = 8A8441C3271F4C5500141F09 /* objetoIMC.swift */; };
/* End PBXBuildFile section */

/* Begin PBXFileReference section */
		8A28B18C271F2369008DE122 /* CalculadoraIMC.app */ = {isa = PBXFileReference; explicitFileType = wrapper.application; includeInIndex = 0; path = CalculadoraIMC.app; sourceTree = BUILT_PRODUCTS_DIR; };
		8A28B18F271F2369008DE122 /* AppDelegate.swift */ = {isa = PBXFileReference; lastKnownFileType = sourcecode.swift; path = AppDelegate.swift; sourceTree = "<group>"; };
		8A28B191271F2369008DE122 /* SceneDelegate.swift */ = {isa = PBXFileReference; lastKnownFileType = sourcecode.swift; path = SceneDelegate.swift; sourceTree = "<group>"; };
		8A28B193271F2369008DE122 /* ViewController.swift */ = {isa = PBXFileReference; lastKnownFileType = sourcecode.swift; path = ViewController.swift; sourceTree = "<group>"; };
		8A28B196271F2369008DE122 /* Base */ = {isa = PBXFileReference; lastKnownFileType = file.storyboard; name = Base; path = Base.lproj/Main.storyboard; sourceTree = "<group>"; };
		8A28B198271F236A008DE122 /* Assets.xcassets */ = {isa = PBXFileReference; lastKnownFileType = folder.assetcatalog; path = Assets.xcassets; sourceTree = "<group>"; };
		8A28B19B271F236A008DE122 /* Base */ = {isa = PBXFileReference; lastKnownFileType = file.storyboard; name = Base; path = Base.lproj/LaunchScreen.storyboard; sourceTree = "<group>"; };
		8A28B19D271F236A008DE122 /* Info.plist */ = {isa = PBXFileReference; lastKnownFileType = text.plist.xml; path = Info.plist; sourceTree = "<group>"; };
		8A28B1A4271F3F2A008DE122 /* ResultadoViewController.swift */ = {isa = PBXFileReference; lastKnownFileType = sourcecode.swift; path = ResultadoViewController.swift; sourceTree = "<group>"; };
		8A8441BF271F4B4E00141F09 /* cerebroIMC.swift */ = {isa = PBXFileReference; lastKnownFileType = sourcecode.swift; path = cerebroIMC.swift; sourceTree = "<group>"; };
		8A8441C3271F4C5500141F09 /* objetoIMC.swift */ = {isa = PBXFileReference; lastKnownFileType = sourcecode.swift; path = objetoIMC.swift; sourceTree = "<group>"; };
/* End PBXFileReference section */

/* Begin PBXFrameworksBuildPhase section */
		8A28B189271F2369008DE122 /* Frameworks */ = {
			isa = PBXFrameworksBuildPhase;
			buildActionMask = 2147483647;
			files = (
			);
			runOnlyForDeploymentPostprocessing = 0;
		};
/* End PBXFrameworksBuildPhase section */

/* Begin PBXGroup section */
		8A28B183271F2369008DE122 = {
			isa = PBXGroup;
			children = (
				8A28B18E271F2369008DE122 /* CalculadoraIMC */,
				8A28B18D271F2369008DE122 /* Products */,
			);
			sourceTree = "<group>";
		};
		8A28B18D271F2369008DE122 /* Products */ = {
			isa = PBXGroup;
			children = (
				8A28B18C271F2369008DE122 /* CalculadoraIMC.app */,
			);
			name = Products;
			sourceTree = "<group>";
		};
		8A28B18E271F2369008DE122 /* CalculadoraIMC */ = {
			isa = PBXGroup;
			children = (
				8A28B18F271F2369008DE122 /* AppDelegate.swift */,
				8A28B191271F2369008DE122 /* SceneDelegate.swift */,
				8A8441C9271F578A00141F09 /* Controladores */,
				8A8441C8271F576400141F09 /* Vistas */,
				8A28B198271F236A008DE122 /* Assets.xcassets */,
				8A28B19D271F236A008DE122 /* Info.plist */,
				8A8441C6271F56FE00141F09 /* Modelos */,
			);
			path = CalculadoraIMC;
			sourceTree = "<group>";
		};
		8A8441C6271F56FE00141F09 /* Modelos */ = {
			isa = PBXGroup;
			children = (
				8A8441BF271F4B4E00141F09 /* cerebroIMC.swift */,
				8A8441C3271F4C5500141F09 /* objetoIMC.swift */,
			);
			path = Modelos;
			sourceTree = "<group>";
		};
		8A8441C8271F576400141F09 /* Vistas */ = {
			isa = PBXGroup;
			children = (
				8A28B195271F2369008DE122 /* Main.storyboard */,
				8A28B19A271F236A008DE122 /* LaunchScreen.storyboard */,
			);
			path = Vistas;
			sourceTree = "<group>";
		};
		8A8441C9271F578A00141F09 /* Controladores */ = {
			isa = PBXGroup;
			children = (
				8A28B193271F2369008DE122 /* ViewController.swift */,
				8A28B1A4271F3F2A008DE122 /* ResultadoViewController.swift */,
			);
			path = Controladores;
			sourceTree = "<group>";
		};
/* End PBXGroup section */

/* Begin PBXNativeTarget section */
		8A28B18B271F2369008DE122 /* CalculadoraIMC */ = {
			isa = PBXNativeTarget;
			buildConfigurationList = 8A28B1A0271F236A008DE122 /* Build configuration list for PBXNativeTarget "CalculadoraIMC" */;
			buildPhases = (
				8A28B188271F2369008DE122 /* Sources */,
				8A28B189271F2369008DE122 /* Frameworks */,
				8A28B18A271F2369008DE122 /* Resources */,
			);
			buildRules = (
			);
			dependencies = (
			);
			name = CalculadoraIMC;
			productName = CalculadoraIMC;
			productReference = 8A28B18C271F2369008DE122 /* CalculadoraIMC.app */;
			productType = "com.apple.product-type.application";
		};
/* End PBXNativeTarget section */

/* Begin PBXProject section */
		8A28B184271F2369008DE122 /* Project object */ = {
			isa = PBXProject;
			attributes = {
				LastSwiftUpdateCheck = 1240;
				LastUpgradeCheck = 1240;
				TargetAttributes = {
					8A28B18B271F2369008DE122 = {
						CreatedOnToolsVersion = 12.4;
					};
				};
			};
			buildConfigurationList = 8A28B187271F2369008DE122 /* Build configuration list for PBXProject "CalculadoraIMC" */;
			compatibilityVersion = "Xcode 9.3";
			developmentRegion = en;
			hasScannedForEncodings = 0;
			knownRegions = (
				en,
				Base,
			);
			mainGroup = 8A28B183271F2369008DE122;
			productRefGroup = 8A28B18D271F2369008DE122 /* Products */;
			projectDirPath = "";
			projectRoot = "";
			targets = (
				8A28B18B271F2369008DE122 /* CalculadoraIMC */,
			);
		};
/* End PBXProject section */

/* Begin PBXResourcesBuildPhase section */
		8A28B18A271F2369008DE122 /* Resources */ = {
			isa = PBXResourcesBuildPhase;
			buildActionMask = 2147483647;
			files = (
				8A28B19C271F236A008DE122 /* LaunchScreen.storyboard in Resources */,
				8A28B199271F236A008DE122 /* Assets.xcassets in Resources */,
				8A28B197271F2369008DE122 /* Main.storyboard in Resources */,
			);
			runOnlyForDeploymentPostprocessing = 0;
		};
/* End PBXResourcesBuildPhase section */

/* Begin PBXSourcesBuildPhase section */
		8A28B188271F2369008DE122 /* Sources */ = {
			isa = PBXSourcesBuildPhase;
			buildActionMask = 2147483647;
			files = (
				8A8441C4271F4C5500141F09 /* objetoIMC.swift in Sources */,
				8A8441C0271F4B4E00141F09 /* cerebroIMC.swift in Sources */,
				8A28B194271F2369008DE122 /* ViewController.swift in Sources */,
				8A28B190271F2369008DE122 /* AppDelegate.swift in Sources */,
				8A28B1A5271F3F2A008DE122 /* ResultadoViewController.swift in Sources */,
				8A28B192271F2369008DE122 /* SceneDelegate.swift in Sources */,
			);
			runOnlyForDeploymentPostprocessing = 0;
		};
/* End PBXSourcesBuildPhase section */

/* Begin PBXVariantGroup section */
		8A28B195271F2369008DE122 /* Main.storyboard */ = {
			isa = PBXVariantGroup;
			children = (
				8A28B196271F2369008DE122 /* Base */,
			);
			name = Main.storyboard;
			sourceTree = "<group>";
		};
		8A28B19A271F236A008DE122 /* LaunchScreen.storyboard */ = {
			isa = PBXVariantGroup;
			children = (
				8A28B19B271F236A008DE122 /* Base */,
			);
			name = LaunchScreen.storyboard;
			sourceTree = "<group>";
		};
/* End PBXVariantGroup section */

/* Begin XCBuildConfiguration section */
		8A28B19E271F236A008DE122 /* Debug */ = {
			isa = XCBuildConfiguration;
			buildSettings = {
				ALWAYS_SEARCH_USER_PATHS = NO;
				CLANG_ANALYZER_NONNULL = YES;
				CLANG_ANALYZER_NUMBER_OBJECT_CONVERSION = YES_AGGRESSIVE;
				CLANG_CXX_LANGUAGE_STANDARD = "gnu++14";
				CLANG_CXX_LIBRARY = "libc++";
				CLANG_ENABLE_MODULES = YES;
				CLANG_ENABLE_OBJC_ARC = YES;
				CLANG_ENABLE_OBJC_WEAK = YES;
				CLANG_WARN_BLOCK_CAPTURE_AUTORELEASING = YES;
				CLANG_WARN_BOOL_CONVERSION = YES;
				CLANG_WARN_COMMA = YES;
				CLANG_WARN_CONSTANT_CONVERSION = YES;
				CLANG_WARN_DEPRECATED_OBJC_IMPLEMENTATIONS = YES;
				CLANG_WARN_DIRECT_OBJC_ISA_USAGE = YES_ERROR;
				CLANG_WARN_DOCUMENTATION_COMMENTS = YES;
				CLANG_WARN_EMPTY_BODY = YES;
				CLANG_WARN_ENUM_CONVERSION = YES;
				CLANG_WARN_INFINITE_RECURSION = YES;
				CLANG_WARN_INT_CONVERSION = YES;
				CLANG_WARN_NON_LITERAL_NULL_CONVERSION = YES;
				CLANG_WARN_OBJC_IMPLICIT_RETAIN_SELF = YES;
				CLANG_WARN_OBJC_LITERAL_CONVERSION = YES;
				CLANG_WARN_OBJC_ROOT_CLASS = YES_ERROR;
				CLANG_WARN_QUOTED_INCLUDE_IN_FRAMEWORK_HEADER = YES;
				CLANG_WARN_RANGE_LOOP_ANALYSIS = YES;
				CLANG_WARN_STRICT_PROTOTYPES = YES;
				CLANG_WARN_SUSPICIOUS_MOVE = YES;
				CLANG_WARN_UNGUARDED_AVAILABILITY = YES_AGGRESSIVE;
				CLANG_WARN_UNREACHABLE_CODE = YES;
				CLANG_WARN__DUPLICATE_METHOD_MATCH = YES;
				COPY_PHASE_STRIP = NO;
				DEBUG_INFORMATION_FORMAT = dwarf;
				ENABLE_STRICT_OBJC_MSGSEND = YES;
				ENABLE_TESTABILITY = YES;
				GCC_C_LANGUAGE_STANDARD = gnu11;
				GCC_DYNAMIC_NO_PIC = NO;
				GCC_NO_COMMON_BLOCKS = YES;
				GCC_OPTIMIZATION_LEVEL = 0;
				GCC_PREPROCESSOR_DEFINITIONS = (
					"DEBUG=1",
					"$(inherited)",
				);
				GCC_WARN_64_TO_32_BIT_CONVERSION = YES;
				GCC_WARN_ABOUT_RETURN_TYPE = YES_ERROR;
				GCC_WARN_UNDECLARED_SELECTOR = YES;
				GCC_WARN_UNINITIALIZED_AUTOS = YES_AGGRESSIVE;
				GCC_WARN_UNUSED_FUNCTION = YES;
				GCC_WARN_UNUSED_VARIABLE = YES;
				IPHONEOS_DEPLOYMENT_TARGET = 14.4;
				MTL_ENABLE_DEBUG_INFO = INCLUDE_SOURCE;
				MTL_FAST_MATH = YES;
				ONLY_ACTIVE_ARCH = YES;
				SDKROOT = iphoneos;
				SWIFT_ACTIVE_COMPILATION_CONDITIONS = DEBUG;
				SWIFT_OPTIMIZATION_LEVEL = "-Onone";
			};
			name = Debug;
		};
		8A28B19F271F236A008DE122 /* Release */ = {
			isa = XCBuildConfiguration;
			buildSettings = {
				ALWAYS_SEARCH_USER_PATHS = NO;
				CLANG_ANALYZER_NONNULL = YES;
				CLANG_ANALYZER_NUMBER_OBJECT_CONVERSION = YES_AGGRESSIVE;
				CLANG_CXX_LANGUAGE_STANDARD = "gnu++14";
				CLANG_CXX_LIBRARY = "libc++";
				CLANG_ENABLE_MODULES = YES;
				CLANG_ENABLE_OBJC_ARC = YES;
				CLANG_ENABLE_OBJC_WEAK = YES;
				CLANG_WARN_BLOCK_CAPTURE_AUTORELEASING = YES;
				CLANG_WARN_BOOL_CONVERSION = YES;
				CLANG_WARN_COMMA = YES;
				CLANG_WARN_CONSTANT_CONVERSION = YES;
				CLANG_WARN_DEPRECATED_OBJC_IMPLEMENTATIONS = YES;
				CLANG_WARN_DIRECT_OBJC_ISA_USAGE = YES_ERROR;
				CLANG_WARN_DOCUMENTATION_COMMENTS = YES;
				CLANG_WARN_EMPTY_BODY = YES;
				CLANG_WARN_ENUM_CONVERSION = YES;
				CLANG_WARN_INFINITE_RECURSION = YES;
				CLANG_WARN_INT_CONVERSION = YES;
				CLANG_WARN_NON_LITERAL_NULL_CONVERSION = YES;
				CLANG_WARN_OBJC_IMPLICIT_RETAIN_SELF = YES;
				CLANG_WARN_OBJC_LITERAL_CONVERSION = YES;
				CLANG_WARN_OBJC_ROOT_CLASS = YES_ERROR;
				CLANG_WARN_QUOTED_INCLUDE_IN_FRAMEWORK_HEADER = YES;
				CLANG_WARN_RANGE_LOOP_ANALYSIS = YES;
				CLANG_WARN_STRICT_PROTOTYPES = YES;
				CLANG_WARN_SUSPICIOUS_MOVE = YES;
				CLANG_WARN_UNGUARDED_AVAILABILITY = YES_AGGRESSIVE;
				CLANG_WARN_UNREACHABLE_CODE = YES;
				CLANG_WARN__DUPLICATE_METHOD_MATCH = YES;
				COPY_PHASE_STRIP = NO;
				DEBUG_INFORMATION_FORMAT = "dwarf-with-dsym";
				ENABLE_NS_ASSERTIONS = NO;
				ENABLE_STRICT_OBJC_MSGSEND = YES;
				GCC_C_LANGUAGE_STANDARD = gnu11;
				GCC_NO_COMMON_BLOCKS = YES;
				GCC_WARN_64_TO_32_BIT_CONVERSION = YES;
				GCC_WARN_ABOUT_RETURN_TYPE = YES_ERROR;
				GCC_WARN_UNDECLARED_SELECTOR = YES;
				GCC_WARN_UNINITIALIZED_AUTOS = YES_AGGRESSIVE;
				GCC_WARN_UNUSED_FUNCTION = YES;
				GCC_WARN_UNUSED_VARIABLE = YES;
				IPHONEOS_DEPLOYMENT_TARGET = 14.4;
				MTL_ENABLE_DEBUG_INFO = NO;
				MTL_FAST_MATH = YES;
				SDKROOT = iphoneos;
				SWIFT_COMPILATION_MODE = wholemodule;
				SWIFT_OPTIMIZATION_LEVEL = "-O";
				VALIDATE_PRODUCT = YES;
			};
			name = Release;
		};
		8A28B1A1271F236A008DE122 /* Debug */ = {
			isa = XCBuildConfiguration;
			buildSettings = {
				ASSETCATALOG_COMPILER_APPICON_NAME = AppIcon;
				ASSETCATALOG_COMPILER_GLOBAL_ACCENT_COLOR_NAME = AccentColor;
				CODE_SIGN_STYLE = Automatic;
				INFOPLIST_FILE = CalculadoraIMC/Info.plist;
				LD_RUNPATH_SEARCH_PATHS = (
					"$(inherited)",
					"@executable_path/Frameworks",
				);
				PRODUCT_BUNDLE_IDENTIFIER = com.ITMPrograMovil.CalculadoraIMC;
				PRODUCT_NAME = "$(TARGET_NAME)";
				SWIFT_VERSION = 5.0;
				TARGETED_DEVICE_FAMILY = "1,2";
			};
			name = Debug;
		};
		8A28B1A2271F236A008DE122 /* Release */ = {
			isa = XCBuildConfiguration;
			buildSettings = {
				ASSETCATALOG_COMPILER_APPICON_NAME = AppIcon;
				ASSETCATALOG_COMPILER_GLOBAL_ACCENT_COLOR_NAME = AccentColor;
				CODE_SIGN_STYLE = Automatic;
				INFOPLIST_FILE = CalculadoraIMC/Info.plist;
				LD_RUNPATH_SEARCH_PATHS = (
					"$(inherited)",
					"@executable_path/Frameworks",
				);
				PRODUCT_BUNDLE_IDENTIFIER = com.ITMPrograMovil.CalculadoraIMC;
				PRODUCT_NAME = "$(TARGET_NAME)";
				SWIFT_VERSION = 5.0;
				TARGETED_DEVICE_FAMILY = "1,2";
			};
			name = Release;
		};
/* End XCBuildConfiguration section */

/* Begin XCConfigurationList section */
		8A28B187271F2369008DE122 /* Build configuration list for PBXProject "CalculadoraIMC" */ = {
			isa = XCConfigurationList;
			buildConfigurations = (
				8A28B19E271F236A008DE122 /* Debug */,
				8A28B19F271F236A008DE122 /* Release */,
			);
			defaultConfigurationIsVisible = 0;
			defaultConfigurationName = Release;
		};
		8A28B1A0271F236A008DE122 /* Build configuration list for PBXNativeTarget "CalculadoraIMC" */ = {
			isa = XCConfigurationList;
			buildConfigurations = (
				8A28B1A1271F236A008DE122 /* Debug */,
				8A28B1A2271F236A008DE122 /* Release */,
			);
			defaultConfigurationIsVisible = 0;
			defaultConfigurationName = Release;
		};
/* End XCConfigurationList section */
	};
	rootObject = 8A28B184271F2369008DE122 /* Project object */;
}
